
Microsoft Visual Studio Solution File, Format Version 12.00
# Visual Studio Version 17
VisualStudioVersion = 17.9.34728.123
MinimumVisualStudioVersion = 10.0.40219.1
Project("{FAE04EC0-301F-11D3-BF4B-00C04F79EFBC}") = "SteamWA", "SteamWA\SteamWA.csproj", "{546EE796-C852-4847-A5BC-D58D47B5926B}"
EndProject
Global
	GlobalSection(SolutionConfigurationPlatforms) = preSolution
		Debug|Any CPU = Debug|Any CPU
		Release|Any CPU = Release|Any CPU
	EndGlobalSection
	GlobalSection(ProjectConfigurationPlatforms) = postSolution
		{546EE796-C852-4847-A5BC-D58D47B5926B}.Debug|Any CPU.ActiveCfg = Debug|Any CPU
		{546EE796-C852-4847-A5BC-D58D47B5926B}.Debug|Any CPU.Build.0 = Debug|Any CPU
		{546EE796-C852-4847-A5BC-D58D47B5926B}.Release|Any CPU.ActiveCfg = Release|Any CPU
		{546EE796-C852-4847-A5BC-D58D47B5926B}.Release|Any CPU.Build.0 = Release|Any CPU
	EndGlobalSection
	GlobalSection(SolutionProperties) = preSolution
		HideSolutionNode = FALSE
	EndGlobalSection
	GlobalSection(ExtensibilityGlobals) = postSolution
		SolutionGuid = {E902F812-4DB6-4CBF-83E9-DA62239D3499}
	EndGlobalSection
EndGlobal
